
Microsoft Visual Studio Solution File, Format Version 12.00
# Visual Studio Version 16
VisualStudioVersion = 16.0.34031.81
MinimumVisualStudioVersion = 10.0.40219.1
Project("{2150E333-8FDC-42A3-9474-1A3956D46DE8}") = "Task1", "Task1", "{CFCCC218-6B96-4B52-816C-6A40575828F5}"
EndProject
Project("{FAE04EC0-301F-11D3-BF4B-00C04F79EFBC}") = "Tyuiu.IvanovSI.Sprint6.Task1.V20", "Tyuiu.IvanovSI.Sprint6.Task1.V20\Tyuiu.IvanovSI.Sprint6.Task1.V20.csproj", "{217FC382-3FB3-4058-8940-70B8B57AD07A}"
EndProject
Project("{FAE04EC0-301F-11D3-BF4B-00C04F79EFBC}") = "Tyuiu.IvanovSI.Sprint6.Task1.V20.Test", "Tyuiu.IvanovSI.Sprint6.Task1.V20.Test\Tyuiu.IvanovSI.Sprint6.Task1.V20.Test.csproj", "{420D7192-06A5-48E4-A668-E38CDAEB01CF}"
EndProject
Project("{FAE04EC0-301F-11D3-BF4B-00C04F79EFBC}") = "Tyuiu.IvanovSI.Sprint6.Task1.V20.Lib", "Tyuiu.IvanovSI.Sprint6.Task1.V20.Lib\Tyuiu.IvanovSI.Sprint6.Task1.V20.Lib.csproj", "{8E9CD766-0B18-436D-9F7F-E08D0BDA82DD}"
EndProject
Global
	GlobalSection(SolutionConfigurationPlatforms) = preSolution
		Debug|Any CPU = Debug|Any CPU
		Release|Any CPU = Release|Any CPU
	EndGlobalSection
	GlobalSection(ProjectConfigurationPlatforms) = postSolution
		{217FC382-3FB3-4058-8940-70B8B57AD07A}.Debug|Any CPU.ActiveCfg = Debug|Any CPU
		{217FC382-3FB3-4058-8940-70B8B57AD07A}.Debug|Any CPU.Build.0 = Debug|Any CPU
		{217FC382-3FB3-4058-8940-70B8B57AD07A}.Release|Any CPU.ActiveCfg = Release|Any CPU
		{217FC382-3FB3-4058-8940-70B8B57AD07A}.Release|Any CPU.Build.0 = Release|Any CPU
		{420D7192-06A5-48E4-A668-E38CDAEB01CF}.Debug|Any CPU.ActiveCfg = Debug|Any CPU
		{420D7192-06A5-48E4-A668-E38CDAEB01CF}.Debug|Any CPU.Build.0 = Debug|Any CPU
		{420D7192-06A5-48E4-A668-E38CDAEB01CF}.Release|Any CPU.ActiveCfg = Release|Any CPU
		{420D7192-06A5-48E4-A668-E38CDAEB01CF}.Release|Any CPU.Build.0 = Release|Any CPU
		{8E9CD766-0B18-436D-9F7F-E08D0BDA82DD}.Debug|Any CPU.ActiveCfg = Debug|Any CPU
		{8E9CD766-0B18-436D-9F7F-E08D0BDA82DD}.Debug|Any CPU.Build.0 = Debug|Any CPU
		{8E9CD766-0B18-436D-9F7F-E08D0BDA82DD}.Release|Any CPU.ActiveCfg = Release|Any CPU
		{8E9CD766-0B18-436D-9F7F-E08D0BDA82DD}.Release|Any CPU.Build.0 = Release|Any CPU
	EndGlobalSection
	GlobalSection(SolutionProperties) = preSolution
		HideSolutionNode = FALSE
	EndGlobalSection
	GlobalSection(NestedProjects) = preSolution
		{217FC382-3FB3-4058-8940-70B8B57AD07A} = {CFCCC218-6B96-4B52-816C-6A40575828F5}
		{420D7192-06A5-48E4-A668-E38CDAEB01CF} = {CFCCC218-6B96-4B52-816C-6A40575828F5}
		{8E9CD766-0B18-436D-9F7F-E08D0BDA82DD} = {CFCCC218-6B96-4B52-816C-6A40575828F5}
	EndGlobalSection
	GlobalSection(ExtensibilityGlobals) = postSolution
		SolutionGuid = {9F683DAE-B5F2-48E6-8E19-68802D3D4106}
	EndGlobalSection
EndGlobal
